
Microsoft Visual Studio Solution File, Format Version 12.00
# Visual Studio Version 17
VisualStudioVersion = 17.6.33815.320
MinimumVisualStudioVersion = 10.0.40219.1
Project("{FAE04EC0-301F-11D3-BF4B-00C04F79EFBC}") = "DictionaryApp", "DictionaryApp.csproj", "{5DCE0287-0154-4D4F-A330-CF37EE333D54}"
EndProject
Global
	GlobalSection(SolutionConfigurationPlatforms) = preSolution
		Debug|Any CPU = Debug|Any CPU
		Release|Any CPU = Release|Any CPU
	EndGlobalSection
	GlobalSection(ProjectConfigurationPlatforms) = postSolution
		{5DCE0287-0154-4D4F-A330-CF37EE333D54}.Debug|Any CPU.ActiveCfg = Debug|Any CPU
		{5DCE0287-0154-4D4F-A330-CF37EE333D54}.Debug|Any CPU.Build.0 = Debug|Any CPU
		{5DCE0287-0154-4D4F-A330-CF37EE333D54}.Release|Any CPU.ActiveCfg = Release|Any CPU
		{5DCE0287-0154-4D4F-A330-CF37EE333D54}.Release|Any CPU.Build.0 = Release|Any CPU
	EndGlobalSection
	GlobalSection(SolutionProperties) = preSolution
		HideSolutionNode = FALSE
	EndGlobalSection
	GlobalSection(ExtensibilityGlobals) = postSolution
		SolutionGuid = {AA8D3B3E-9DAA-4905-8605-1F3CF67CD856}
	EndGlobalSection
EndGlobal
